PODS:
  - SCForceUpdater (0.1.0):
    - UIAlertView+Blocks
  - UIAlertView+Blocks (0.8.1)

DEPENDENCIES:
  - SCForceUpdater (from `../`)

EXTERNAL SOURCES:
  SCForceUpdater:
    :path: ../

SPEC CHECKSUMS:
  SCForceUpdater: f152dba5feeb3760d65b5b38289ef9f2c3c11bc5
  UIAlertView+Blocks: 45c3d3b7194906702d3e9a14c7ece5581505646d

COCOAPODS: 0.35.0
