PODS:
  - SCForceUpdater (1.0.0):
    - UIAlertView+Blocks (~> 0.8.1)
  - UIAlertView+Blocks (0.8.1)

DEPENDENCIES:
  - SCForceUpdater (from `../`)

EXTERNAL SOURCES:
  SCForceUpdater:
    :path: "../"

SPEC CHECKSUMS:
  SCForceUpdater: e2e751052f8d3af3148ce158a07231e37fa7614b
  UIAlertView+Blocks: 45c3d3b7194906702d3e9a14c7ece5581505646d

COCOAPODS: 0.39.0
