PODS:
  - SCForceUpdater (0.1.0):
    - UIAlertView+Blocks
  - UIAlertView+Blocks (0.8.1)

DEPENDENCIES:
  - SCForceUpdater (from `../`)

EXTERNAL SOURCES:
  SCForceUpdater:
    :path: ../

SPEC CHECKSUMS:
  SCForceUpdater: efef4b76288de693d9e0b657a986860f874ccc7a
  UIAlertView+Blocks: 45c3d3b7194906702d3e9a14c7ece5581505646d

COCOAPODS: 0.35.0
